// !$*UTF8*$!
{
	archiveVersion = 1;
	classes = {
	};
	objectVersion = 50;
	objects = {

/* Begin PBXBuildFile section */
		00DDED5F2268BB340066A71D /* PullToRefreshManager.swift in Sources */ = {isa = PBXBuildFile; fileRef = 00DDED5E2268B9F40066A71D /* PullToRefreshManager.swift */; };
		00DDED612268BB8D0066A71D /* ScrollViewStateController.swift in Sources */ = {isa = PBXBuildFile; fileRef = 00DDED602268BB8C0066A71D /* ScrollViewStateController.swift */; };
		00DDED632268BC280066A71D /* PaginationManager.swift in Sources */ = {isa = PBXBuildFile; fileRef = 00DDED622268BC280066A71D /* PaginationManager.swift */; };
		00DDED662268E6A00066A71D /* VideoDetailTableViewCell.swift in Sources */ = {isa = PBXBuildFile; fileRef = 00DDED652268E6A00066A71D /* VideoDetailTableViewCell.swift */; };
		00DDED692268E72A0066A71D /* VideoDetailDatasource.swift in Sources */ = {isa = PBXBuildFile; fileRef = 00DDED682268E72A0066A71D /* VideoDetailDatasource.swift */; };
		CE21B9892266FB1E00FDF190 /* VideoDetailViewController.swift in Sources */ = {isa = PBXBuildFile; fileRef = CE21B9882266FB1E00FDF190 /* VideoDetailViewController.swift */; };
		CE21B990226701B300FDF190 /* Segue.swift in Sources */ = {isa = PBXBuildFile; fileRef = CE21B98F226701B300FDF190 /* Segue.swift */; };
		CE869FE12265E38D00792F4F /* AppDelegate.swift in Sources */ = {isa = PBXBuildFile; fileRef = CE869FE02265E38D00792F4F /* AppDelegate.swift */; };
		CE869FE32265E38D00792F4F /* VideoListingViewController.swift in Sources */ = {isa = PBXBuildFile; fileRef = CE869FE22265E38D00792F4F /* VideoListingViewController.swift */; };
		CE869FE62265E38D00792F4F /* Videos.storyboard in Resources */ = {isa = PBXBuildFile; fileRef = CE869FE42265E38D00792F4F /* Videos.storyboard */; };
		CE869FE92265E38D00792F4F /* HOOQ_Task_Sowrirajan.xcdatamodeld in Sources */ = {isa = PBXBuildFile; fileRef = CE869FE72265E38D00792F4F /* HOOQ_Task_Sowrirajan.xcdatamodeld */; };
		CE869FEB2265E38F00792F4F /* Assets.xcassets in Resources */ = {isa = PBXBuildFile; fileRef = CE869FEA2265E38F00792F4F /* Assets.xcassets */; };
		CE869FEE2265E38F00792F4F /* LaunchScreen.storyboard in Resources */ = {isa = PBXBuildFile; fileRef = CE869FEC2265E38F00792F4F /* LaunchScreen.storyboard */; };
		CE869FF92266099F00792F4F /* ParentViewController.swift in Sources */ = {isa = PBXBuildFile; fileRef = CE869FF82266099F00792F4F /* ParentViewController.swift */; };
		CE86A00322660B3C00792F4F /* VideoListDataSource.swift in Sources */ = {isa = PBXBuildFile; fileRef = CE86A00222660B3C00792F4F /* VideoListDataSource.swift */; };
		CE86A00622660B9200792F4F /* VideoListApiModel.swift in Sources */ = {isa = PBXBuildFile; fileRef = CE86A00522660B9200792F4F /* VideoListApiModel.swift */; };
		CE86A00822660BAB00792F4F /* VideoListModel.swift in Sources */ = {isa = PBXBuildFile; fileRef = CE86A00722660BAB00792F4F /* VideoListModel.swift */; };
		CE86A00B22660BFC00792F4F /* HttpRequest.swift in Sources */ = {isa = PBXBuildFile; fileRef = CE86A00A22660BFC00792F4F /* HttpRequest.swift */; };
		CE86A00F226615DB00792F4F /* AppConstants.swift in Sources */ = {isa = PBXBuildFile; fileRef = CE86A00E226615DB00792F4F /* AppConstants.swift */; };
		CE86A0122266163500792F4F /* ParentTableViewCell.swift in Sources */ = {isa = PBXBuildFile; fileRef = CE86A0112266163500792F4F /* ParentTableViewCell.swift */; };
		CE86A015226616F600792F4F /* TableViewDelegate.swift in Sources */ = {isa = PBXBuildFile; fileRef = CE86A014226616F600792F4F /* TableViewDelegate.swift */; };
		CE86A018226617AC00792F4F /* ParentCollectionViewCell.swift in Sources */ = {isa = PBXBuildFile; fileRef = CE86A017226617AC00792F4F /* ParentCollectionViewCell.swift */; };
		CE86A01B22661C1F00792F4F /* Loader.swift in Sources */ = {isa = PBXBuildFile; fileRef = CE86A01A22661C1F00792F4F /* Loader.swift */; };
		CE86A01E22661C6300792F4F /* UIView.swift in Sources */ = {isa = PBXBuildFile; fileRef = CE86A01D22661C6300792F4F /* UIView.swift */; };
		CE86A02022661D7400792F4F /* Loader.xib in Resources */ = {isa = PBXBuildFile; fileRef = CE86A01F22661CF600792F4F /* Loader.xib */; };
		CE86A022226620B500792F4F /* VideoListTableViewCell.swift in Sources */ = {isa = PBXBuildFile; fileRef = CE86A021226620B500792F4F /* VideoListTableViewCell.swift */; };
		ED58E628B634340109399F2E /* Pods_HOOQ_Task_Sowrirajan.framework in Frameworks */ = {isa = PBXBuildFile; fileRef = DAF4638E82B5B5FC883AB30F /* Pods_HOOQ_Task_Sowrirajan.framework */; };
/* End PBXBuildFile section */

/* Begin PBXFileReference section */
		00DDED5E2268B9F40066A71D /* PullToRefreshManager.swift */ = {isa = PBXFileReference; lastKnownFileType = sourcecode.swift; path = PullToRefreshManager.swift; sourceTree = "<group>"; };
		00DDED602268BB8C0066A71D /* ScrollViewStateController.swift */ = {isa = PBXFileReference; lastKnownFileType = sourcecode.swift; path = ScrollViewStateController.swift; sourceTree = "<group>"; };
		00DDED622268BC280066A71D /* PaginationManager.swift */ = {isa = PBXFileReference; lastKnownFileType = sourcecode.swift; path = PaginationManager.swift; sourceTree = "<group>"; };
		00DDED652268E6A00066A71D /* VideoDetailTableViewCell.swift */ = {isa = PBXFileReference; lastKnownFileType = sourcecode.swift; path = VideoDetailTableViewCell.swift; sourceTree = "<group>"; };
		00DDED682268E72A0066A71D /* VideoDetailDatasource.swift */ = {isa = PBXFileReference; lastKnownFileType = sourcecode.swift; path = VideoDetailDatasource.swift; sourceTree = "<group>"; };
		41BE067FA4EDDAA1F9B75761 /* Pods-HOOQ_Task_Sowrirajan.release.xcconfig */ = {isa = PBXFileReference; includeInIndex = 1; lastKnownFileType = text.xcconfig; name = "Pods-HOOQ_Task_Sowrirajan.release.xcconfig"; path = "Pods/Target Support Files/Pods-HOOQ_Task_Sowrirajan/Pods-HOOQ_Task_Sowrirajan.release.xcconfig"; sourceTree = "<group>"; };
		863C0305005252C5EBDA648D /* Pods-HOOQ_Task_Sowrirajan.debug.xcconfig */ = {isa = PBXFileReference; includeInIndex = 1; lastKnownFileType = text.xcconfig; name = "Pods-HOOQ_Task_Sowrirajan.debug.xcconfig"; path = "Pods/Target Support Files/Pods-HOOQ_Task_Sowrirajan/Pods-HOOQ_Task_Sowrirajan.debug.xcconfig"; sourceTree = "<group>"; };
		CE21B9882266FB1E00FDF190 /* VideoDetailViewController.swift */ = {isa = PBXFileReference; lastKnownFileType = sourcecode.swift; path = VideoDetailViewController.swift; sourceTree = "<group>"; };
		CE21B98F226701B300FDF190 /* Segue.swift */ = {isa = PBXFileReference; lastKnownFileType = sourcecode.swift; path = Segue.swift; sourceTree = "<group>"; };
		CE869FDD2265E38D00792F4F /* HOOQ_Task_Sowrirajan.app */ = {isa = PBXFileReference; explicitFileType = wrapper.application; includeInIndex = 0; path = HOOQ_Task_Sowrirajan.app; sourceTree = BUILT_PRODUCTS_DIR; };
		CE869FE02265E38D00792F4F /* AppDelegate.swift */ = {isa = PBXFileReference; lastKnownFileType = sourcecode.swift; path = AppDelegate.swift; sourceTree = "<group>"; };
		CE869FE22265E38D00792F4F /* VideoListingViewController.swift */ = {isa = PBXFileReference; lastKnownFileType = sourcecode.swift; path = VideoListingViewController.swift; sourceTree = "<group>"; };
		CE869FE52265E38D00792F4F /* Base */ = {isa = PBXFileReference; lastKnownFileType = file.storyboard; name = Base; path = Base.lproj/Videos.storyboard; sourceTree = "<group>"; };
		CE869FE82265E38D00792F4F /* HOOQ_Task_Sowrirajan.xcdatamodel */ = {isa = PBXFileReference; lastKnownFileType = wrapper.xcdatamodel; path = HOOQ_Task_Sowrirajan.xcdatamodel; sourceTree = "<group>"; };
		CE869FEA2265E38F00792F4F /* Assets.xcassets */ = {isa = PBXFileReference; lastKnownFileType = folder.assetcatalog; path = Assets.xcassets; sourceTree = "<group>"; };
		CE869FED2265E38F00792F4F /* Base */ = {isa = PBXFileReference; lastKnownFileType = file.storyboard; name = Base; path = Base.lproj/LaunchScreen.storyboard; sourceTree = "<group>"; };
		CE869FEF2265E38F00792F4F /* Info.plist */ = {isa = PBXFileReference; lastKnownFileType = text.plist.xml; path = Info.plist; sourceTree = "<group>"; };
		CE869FF82266099F00792F4F /* ParentViewController.swift */ = {isa = PBXFileReference; lastKnownFileType = sourcecode.swift; path = ParentViewController.swift; sourceTree = "<group>"; };
		CE86A00222660B3C00792F4F /* VideoListDataSource.swift */ = {isa = PBXFileReference; lastKnownFileType = sourcecode.swift; path = VideoListDataSource.swift; sourceTree = "<group>"; };
		CE86A00522660B9200792F4F /* VideoListApiModel.swift */ = {isa = PBXFileReference; lastKnownFileType = sourcecode.swift; path = VideoListApiModel.swift; sourceTree = "<group>"; };
		CE86A00722660BAB00792F4F /* VideoListModel.swift */ = {isa = PBXFileReference; lastKnownFileType = sourcecode.swift; path = VideoListModel.swift; sourceTree = "<group>"; };
		CE86A00A22660BFC00792F4F /* HttpRequest.swift */ = {isa = PBXFileReference; lastKnownFileType = sourcecode.swift; path = HttpRequest.swift; sourceTree = "<group>"; };
		CE86A00E226615DB00792F4F /* AppConstants.swift */ = {isa = PBXFileReference; lastKnownFileType = sourcecode.swift; path = AppConstants.swift; sourceTree = "<group>"; };
		CE86A0112266163500792F4F /* ParentTableViewCell.swift */ = {isa = PBXFileReference; lastKnownFileType = sourcecode.swift; path = ParentTableViewCell.swift; sourceTree = "<group>"; };
		CE86A014226616F600792F4F /* TableViewDelegate.swift */ = {isa = PBXFileReference; lastKnownFileType = sourcecode.swift; path = TableViewDelegate.swift; sourceTree = "<group>"; };
		CE86A017226617AC00792F4F /* ParentCollectionViewCell.swift */ = {isa = PBXFileReference; lastKnownFileType = sourcecode.swift; path = ParentCollectionViewCell.swift; sourceTree = "<group>"; };
		CE86A01A22661C1F00792F4F /* Loader.swift */ = {isa = PBXFileReference; lastKnownFileType = sourcecode.swift; path = Loader.swift; sourceTree = "<group>"; };
		CE86A01D22661C6300792F4F /* UIView.swift */ = {isa = PBXFileReference; lastKnownFileType = sourcecode.swift; path = UIView.swift; sourceTree = "<group>"; };
		CE86A01F22661CF600792F4F /* Loader.xib */ = {isa = PBXFileReference; lastKnownFileType = file.xib; path = Loader.xib; sourceTree = "<group>"; };
		CE86A021226620B500792F4F /* VideoListTableViewCell.swift */ = {isa = PBXFileReference; lastKnownFileType = sourcecode.swift; path = VideoListTableViewCell.swift; sourceTree = "<group>"; };
		DAF4638E82B5B5FC883AB30F /* Pods_HOOQ_Task_Sowrirajan.framework */ = {isa = PBXFileReference; explicitFileType = wrapper.framework; includeInIndex = 0; path = Pods_HOOQ_Task_Sowrirajan.framework; sourceTree = BUILT_PRODUCTS_DIR; };
/* End PBXFileReference section */

/* Begin PBXFrameworksBuildPhase section */
		CE869FDA2265E38D00792F4F /* Frameworks */ = {
			isa = PBXFrameworksBuildPhase;
			buildActionMask = 2147483647;
			files = (
				ED58E628B634340109399F2E /* Pods_HOOQ_Task_Sowrirajan.framework in Frameworks */,
			);
			runOnlyForDeploymentPostprocessing = 0;
		};
/* End PBXFrameworksBuildPhase section */

/* Begin PBXGroup section */
		00C47505226902CC00C50963 /* Pagination */ = {
			isa = PBXGroup;
			children = (
				00DDED5E2268B9F40066A71D /* PullToRefreshManager.swift */,
				00DDED602268BB8C0066A71D /* ScrollViewStateController.swift */,
				00DDED622268BC280066A71D /* PaginationManager.swift */,
			);
			path = Pagination;
			sourceTree = "<group>";
		};
		00DDED5D2268B9D90066A71D /* ThirdParties */ = {
			isa = PBXGroup;
			children = (
				00C47505226902CC00C50963 /* Pagination */,
			);
			path = ThirdParties;
			sourceTree = "<group>";
		};
		00DDED642268E67E0066A71D /* Model */ = {
			isa = PBXGroup;
			children = (
				00DDED652268E6A00066A71D /* VideoDetailTableViewCell.swift */,
			);
			path = Model;
			sourceTree = "<group>";
		};
		00DDED672268E70D0066A71D /* Helper */ = {
			isa = PBXGroup;
			children = (
				00DDED682268E72A0066A71D /* VideoDetailDatasource.swift */,
			);
			path = Helper;
			sourceTree = "<group>";
		};
		1652029AB4BD62A13E610F21 /* Pods */ = {
			isa = PBXGroup;
			children = (
				863C0305005252C5EBDA648D /* Pods-HOOQ_Task_Sowrirajan.debug.xcconfig */,
				41BE067FA4EDDAA1F9B75761 /* Pods-HOOQ_Task_Sowrirajan.release.xcconfig */,
			);
			name = Pods;
			sourceTree = "<group>";
		};
		9A8981AAA978EEA423A2EF28 /* Frameworks */ = {
			isa = PBXGroup;
			children = (
				DAF4638E82B5B5FC883AB30F /* Pods_HOOQ_Task_Sowrirajan.framework */,
			);
			name = Frameworks;
			sourceTree = "<group>";
		};
		CE21B9872266FAFC00FDF190 /* VideoDetail */ = {
			isa = PBXGroup;
			children = (
				00DDED672268E70D0066A71D /* Helper */,
				00DDED642268E67E0066A71D /* Model */,
				CE21B98A2266FB2200FDF190 /* Controller */,
			);
			path = VideoDetail;
			sourceTree = "<group>";
		};
		CE21B98A2266FB2200FDF190 /* Controller */ = {
			isa = PBXGroup;
			children = (
				CE21B9882266FB1E00FDF190 /* VideoDetailViewController.swift */,
			);
			path = Controller;
			sourceTree = "<group>";
		};
		CE21B98E226701A600FDF190 /* Segue */ = {
			isa = PBXGroup;
			children = (
				CE21B98F226701B300FDF190 /* Segue.swift */,
			);
			path = Segue;
			sourceTree = "<group>";
		};
		CE869FD42265E38D00792F4F = {
			isa = PBXGroup;
			children = (
				CE869FDF2265E38D00792F4F /* HOOQ_Task_Sowrirajan */,
				CE869FDE2265E38D00792F4F /* Products */,
				1652029AB4BD62A13E610F21 /* Pods */,
				9A8981AAA978EEA423A2EF28 /* Frameworks */,
			);
			sourceTree = "<group>";
		};
		CE869FDE2265E38D00792F4F /* Products */ = {
			isa = PBXGroup;
			children = (
				CE869FDD2265E38D00792F4F /* HOOQ_Task_Sowrirajan.app */,
			);
			name = Products;
			sourceTree = "<group>";
		};
		CE869FDF2265E38D00792F4F /* HOOQ_Task_Sowrirajan */ = {
			isa = PBXGroup;
			children = (
				CE86A00D226615C700792F4F /* Constants */,
				CE869FF52266094B00792F4F /* ApplicationDelegate */,
				CE869FFB226609C600792F4F /* Modules */,
				CE869FFA226609AA00792F4F /* View */,
				CE869FEA2265E38F00792F4F /* Assets.xcassets */,
				CE869FEC2265E38F00792F4F /* LaunchScreen.storyboard */,
				00DDED5D2268B9D90066A71D /* ThirdParties */,
				CE869FF62266096300792F4F /* Helper */,
				CE869FEF2265E38F00792F4F /* Info.plist */,
				CE869FE72265E38D00792F4F /* HOOQ_Task_Sowrirajan.xcdatamodeld */,
			);
			path = HOOQ_Task_Sowrirajan;
			sourceTree = "<group>";
		};
		CE869FF52266094B00792F4F /* ApplicationDelegate */ = {
			isa = PBXGroup;
			children = (
				CE869FE02265E38D00792F4F /* AppDelegate.swift */,
			);
			path = ApplicationDelegate;
			sourceTree = "<group>";
		};
		CE869FF62266096300792F4F /* Helper */ = {
			isa = PBXGroup;
			children = (
				CE21B98E226701A600FDF190 /* Segue */,
				CE86A01C22661C5800792F4F /* UIView */,
				CE86A01922661C1200792F4F /* Loader */,
				CE86A0162266178C00792F4F /* UICollectionViewCell */,
				CE86A013226616E300792F4F /* UItableViewDelegate */,
				CE86A0102266161900792F4F /* UITableViewCell */,
				CE86A00922660BE000792F4F /* httpRequest */,
				CE86A00C22660DD900792F4F /* UIViewController */,
			);
			path = Helper;
			sourceTree = "<group>";
		};
		CE869FF72266096B00792F4F /* VideoLists */ = {
			isa = PBXGroup;
			children = (
				CE86A00422660B7600792F4F /* Model */,
				CE869FFC22660ACA00792F4F /* Helper */,
				CE869FFD22660AD500792F4F /* Controller */,
			);
			path = VideoLists;
			sourceTree = "<group>";
		};
		CE869FFA226609AA00792F4F /* View */ = {
			isa = PBXGroup;
			children = (
				CE869FE42265E38D00792F4F /* Videos.storyboard */,
			);
			path = View;
			sourceTree = "<group>";
		};
		CE869FFB226609C600792F4F /* Modules */ = {
			isa = PBXGroup;
			children = (
				CE21B9872266FAFC00FDF190 /* VideoDetail */,
				CE869FF72266096B00792F4F /* VideoLists */,
			);
			path = Modules;
			sourceTree = "<group>";
		};
		CE869FFC22660ACA00792F4F /* Helper */ = {
			isa = PBXGroup;
			children = (
				CE86A00222660B3C00792F4F /* VideoListDataSource.swift */,
			);
			path = Helper;
			sourceTree = "<group>";
		};
		CE869FFD22660AD500792F4F /* Controller */ = {
			isa = PBXGroup;
			children = (
				CE869FE22265E38D00792F4F /* VideoListingViewController.swift */,
			);
			path = Controller;
			sourceTree = "<group>";
		};
		CE86A00422660B7600792F4F /* Model */ = {
			isa = PBXGroup;
			children = (
				CE86A00522660B9200792F4F /* VideoListApiModel.swift */,
				CE86A00722660BAB00792F4F /* VideoListModel.swift */,
				CE86A021226620B500792F4F /* VideoListTableViewCell.swift */,
			);
			path = Model;
			sourceTree = "<group>";
		};
		CE86A00922660BE000792F4F /* httpRequest */ = {
			isa = PBXGroup;
			children = (
				CE86A00A22660BFC00792F4F /* HttpRequest.swift */,
			);
			path = httpRequest;
			sourceTree = "<group>";
		};
		CE86A00C22660DD900792F4F /* UIViewController */ = {
			isa = PBXGroup;
			children = (
				CE869FF82266099F00792F4F /* ParentViewController.swift */,
			);
			path = UIViewController;
			sourceTree = "<group>";
		};
		CE86A00D226615C700792F4F /* Constants */ = {
			isa = PBXGroup;
			children = (
				CE86A00E226615DB00792F4F /* AppConstants.swift */,
			);
			path = Constants;
			sourceTree = "<group>";
		};
		CE86A0102266161900792F4F /* UITableViewCell */ = {
			isa = PBXGroup;
			children = (
				CE86A0112266163500792F4F /* ParentTableViewCell.swift */,
			);
			path = UITableViewCell;
			sourceTree = "<group>";
		};
		CE86A013226616E300792F4F /* UItableViewDelegate */ = {
			isa = PBXGroup;
			children = (
				CE86A014226616F600792F4F /* TableViewDelegate.swift */,
			);
			path = UItableViewDelegate;
			sourceTree = "<group>";
		};
		CE86A0162266178C00792F4F /* UICollectionViewCell */ = {
			isa = PBXGroup;
			children = (
				CE86A017226617AC00792F4F /* ParentCollectionViewCell.swift */,
			);
			path = UICollectionViewCell;
			sourceTree = "<group>";
		};
		CE86A01922661C1200792F4F /* Loader */ = {
			isa = PBXGroup;
			children = (
				CE86A01A22661C1F00792F4F /* Loader.swift */,
				CE86A01F22661CF600792F4F /* Loader.xib */,
			);
			path = Loader;
			sourceTree = "<group>";
		};
		CE86A01C22661C5800792F4F /* UIView */ = {
			isa = PBXGroup;
			children = (
				CE86A01D22661C6300792F4F /* UIView.swift */,
			);
			path = UIView;
			sourceTree = "<group>";
		};
/* End PBXGroup section */

/* Begin PBXNativeTarget section */
		CE869FDC2265E38D00792F4F /* HOOQ_Task_Sowrirajan */ = {
			isa = PBXNativeTarget;
			buildConfigurationList = CE869FF22265E38F00792F4F /* Build configuration list for PBXNativeTarget "HOOQ_Task_Sowrirajan" */;
			buildPhases = (
				B26599891B68B0135713F917 /* [CP] Check Pods Manifest.lock */,
				CE869FD92265E38D00792F4F /* Sources */,
				CE869FDA2265E38D00792F4F /* Frameworks */,
				CE869FDB2265E38D00792F4F /* Resources */,
				7257D09EC6EEA0E201C2E836 /* [CP] Embed Pods Frameworks */,
			);
			buildRules = (
			);
			dependencies = (
			);
			name = HOOQ_Task_Sowrirajan;
			productName = HOOQ_Task_Sowrirajan;
			productReference = CE869FDD2265E38D00792F4F /* HOOQ_Task_Sowrirajan.app */;
			productType = "com.apple.product-type.application";
		};
/* End PBXNativeTarget section */

/* Begin PBXProject section */
		CE869FD52265E38D00792F4F /* Project object */ = {
			isa = PBXProject;
			attributes = {
				LastSwiftUpdateCheck = 1010;
				LastUpgradeCheck = 1010;
				ORGANIZATIONNAME = user;
				TargetAttributes = {
					CE869FDC2265E38D00792F4F = {
						CreatedOnToolsVersion = 10.1;
					};
				};
			};
			buildConfigurationList = CE869FD82265E38D00792F4F /* Build configuration list for PBXProject "HOOQ_Task_Sowrirajan" */;
			compatibilityVersion = "Xcode 9.3";
			developmentRegion = en;
			hasScannedForEncodings = 0;
			knownRegions = (
				en,
				Base,
			);
			mainGroup = CE869FD42265E38D00792F4F;
			productRefGroup = CE869FDE2265E38D00792F4F /* Products */;
			projectDirPath = "";
			projectRoot = "";
			targets = (
				CE869FDC2265E38D00792F4F /* HOOQ_Task_Sowrirajan */,
			);
		};
/* End PBXProject section */

/* Begin PBXResourcesBuildPhase section */
		CE869FDB2265E38D00792F4F /* Resources */ = {
			isa = PBXResourcesBuildPhase;
			buildActionMask = 2147483647;
			files = (
				CE86A02022661D7400792F4F /* Loader.xib in Resources */,
				CE869FEE2265E38F00792F4F /* LaunchScreen.storyboard in Resources */,
				CE869FEB2265E38F00792F4F /* Assets.xcassets in Resources */,
				CE869FE62265E38D00792F4F /* Videos.storyboard in Resources */,
			);
			runOnlyForDeploymentPostprocessing = 0;
		};
/* End PBXResourcesBuildPhase section */

/* Begin PBXShellScriptBuildPhase section */
		7257D09EC6EEA0E201C2E836 /* [CP] Embed Pods Frameworks */ = {
			isa = PBXShellScriptBuildPhase;
			buildActionMask = 2147483647;
			files = (
			);
			inputFileListPaths = (
			);
			inputPaths = (
				"${SRCROOT}/Pods/Target Support Files/Pods-HOOQ_Task_Sowrirajan/Pods-HOOQ_Task_Sowrirajan-frameworks.sh",
				"${BUILT_PRODUCTS_DIR}/Alamofire/Alamofire.framework",
				"${BUILT_PRODUCTS_DIR}/ObjectMapper/ObjectMapper.framework",
				"${BUILT_PRODUCTS_DIR}/SDWebImage/SDWebImage.framework",
			);
			name = "[CP] Embed Pods Frameworks";
			outputFileListPaths = (
			);
			outputPaths = (
				"${TARGET_BUILD_DIR}/${FRAMEWORKS_FOLDER_PATH}/Alamofire.framework",
				"${TARGET_BUILD_DIR}/${FRAMEWORKS_FOLDER_PATH}/ObjectMapper.framework",
				"${TARGET_BUILD_DIR}/${FRAMEWORKS_FOLDER_PATH}/SDWebImage.framework",
			);
			runOnlyForDeploymentPostprocessing = 0;
			shellPath = /bin/sh;
			shellScript = "\"${SRCROOT}/Pods/Target Support Files/Pods-HOOQ_Task_Sowrirajan/Pods-HOOQ_Task_Sowrirajan-frameworks.sh\"\n";
			showEnvVarsInLog = 0;
		};
		B26599891B68B0135713F917 /* [CP] Check Pods Manifest.lock */ = {
			isa = PBXShellScriptBuildPhase;
			buildActionMask = 2147483647;
			files = (
			);
			inputFileListPaths = (
			);
			inputPaths = (
				"${PODS_PODFILE_DIR_PATH}/Podfile.lock",
				"${PODS_ROOT}/Manifest.lock",
			);
			name = "[CP] Check Pods Manifest.lock";
			outputFileListPaths = (
			);
			outputPaths = (
				"$(DERIVED_FILE_DIR)/Pods-HOOQ_Task_Sowrirajan-checkManifestLockResult.txt",
			);
			runOnlyForDeploymentPostprocessing = 0;
			shellPath = /bin/sh;
			shellScript = "diff \"${PODS_PODFILE_DIR_PATH}/Podfile.lock\" \"${PODS_ROOT}/Manifest.lock\" > /dev/null\nif [ $? != 0 ] ; then\n    # print error to STDERR\n    echo \"error: The sandbox is not in sync with the Podfile.lock. Run 'pod install' or update your CocoaPods installation.\" >&2\n    exit 1\nfi\n# This output is used by Xcode 'outputs' to avoid re-running this script phase.\necho \"SUCCESS\" > \"${SCRIPT_OUTPUT_FILE_0}\"\n";
			showEnvVarsInLog = 0;
		};
/* End PBXShellScriptBuildPhase section */

/* Begin PBXSourcesBuildPhase section */
		CE869FD92265E38D00792F4F /* Sources */ = {
			isa = PBXSourcesBuildPhase;
			buildActionMask = 2147483647;
			files = (
				00DDED5F2268BB340066A71D /* PullToRefreshManager.swift in Sources */,
				CE86A022226620B500792F4F /* VideoListTableViewCell.swift in Sources */,
				CE86A01E22661C6300792F4F /* UIView.swift in Sources */,
				00DDED612268BB8D0066A71D /* ScrollViewStateController.swift in Sources */,
				CE86A00622660B9200792F4F /* VideoListApiModel.swift in Sources */,
				CE86A015226616F600792F4F /* TableViewDelegate.swift in Sources */,
				CE86A018226617AC00792F4F /* ParentCollectionViewCell.swift in Sources */,
				00DDED632268BC280066A71D /* PaginationManager.swift in Sources */,
				CE86A00B22660BFC00792F4F /* HttpRequest.swift in Sources */,
				CE86A00F226615DB00792F4F /* AppConstants.swift in Sources */,
				CE21B990226701B300FDF190 /* Segue.swift in Sources */,
				00DDED692268E72A0066A71D /* VideoDetailDatasource.swift in Sources */,
				CE869FE92265E38D00792F4F /* HOOQ_Task_Sowrirajan.xcdatamodeld in Sources */,
				CE869FE32265E38D00792F4F /* VideoListingViewController.swift in Sources */,
				CE869FF92266099F00792F4F /* ParentViewController.swift in Sources */,
				CE21B9892266FB1E00FDF190 /* VideoDetailViewController.swift in Sources */,
				CE86A00822660BAB00792F4F /* VideoListModel.swift in Sources */,
				CE869FE12265E38D00792F4F /* AppDelegate.swift in Sources */,
				00DDED662268E6A00066A71D /* VideoDetailTableViewCell.swift in Sources */,
				CE86A0122266163500792F4F /* ParentTableViewCell.swift in Sources */,
				CE86A00322660B3C00792F4F /* VideoListDataSource.swift in Sources */,
				CE86A01B22661C1F00792F4F /* Loader.swift in Sources */,
			);
			runOnlyForDeploymentPostprocessing = 0;
		};
/* End PBXSourcesBuildPhase section */

/* Begin PBXVariantGroup section */
		CE869FE42265E38D00792F4F /* Videos.storyboard */ = {
			isa = PBXVariantGroup;
			children = (
				CE869FE52265E38D00792F4F /* Base */,
			);
			name = Videos.storyboard;
			sourceTree = "<group>";
		};
		CE869FEC2265E38F00792F4F /* LaunchScreen.storyboard */ = {
			isa = PBXVariantGroup;
			children = (
				CE869FED2265E38F00792F4F /* Base */,
			);
			name = LaunchScreen.storyboard;
			sourceTree = "<group>";
		};
/* End PBXVariantGroup section */

/* Begin XCBuildConfiguration section */
		CE869FF02265E38F00792F4F /* Debug */ = {
			isa = XCBuildConfiguration;
			buildSettings = {
				ALWAYS_SEARCH_USER_PATHS = NO;
				CLANG_ANALYZER_NONNULL = YES;
				CLANG_ANALYZER_NUMBER_OBJECT_CONVERSION = YES_AGGRESSIVE;
				CLANG_CXX_LANGUAGE_STANDARD = "gnu++14";
				CLANG_CXX_LIBRARY = "libc++";
				CLANG_ENABLE_MODULES = YES;
				CLANG_ENABLE_OBJC_ARC = YES;
				CLANG_ENABLE_OBJC_WEAK = YES;
				CLANG_WARN_BLOCK_CAPTURE_AUTORELEASING = YES;
				CLANG_WARN_BOOL_CONVERSION = YES;
				CLANG_WARN_COMMA = YES;
				CLANG_WARN_CONSTANT_CONVERSION = YES;
				CLANG_WARN_DEPRECATED_OBJC_IMPLEMENTATIONS = YES;
				CLANG_WARN_DIRECT_OBJC_ISA_USAGE = YES_ERROR;
				CLANG_WARN_DOCUMENTATION_COMMENTS = YES;
				CLANG_WARN_EMPTY_BODY = YES;
				CLANG_WARN_ENUM_CONVERSION = YES;
				CLANG_WARN_INFINITE_RECURSION = YES;
				CLANG_WARN_INT_CONVERSION = YES;
				CLANG_WARN_NON_LITERAL_NULL_CONVERSION = YES;
				CLANG_WARN_OBJC_IMPLICIT_RETAIN_SELF = YES;
				CLANG_WARN_OBJC_LITERAL_CONVERSION = YES;
				CLANG_WARN_OBJC_ROOT_CLASS = YES_ERROR;
				CLANG_WARN_RANGE_LOOP_ANALYSIS = YES;
				CLANG_WARN_STRICT_PROTOTYPES = YES;
				CLANG_WARN_SUSPICIOUS_MOVE = YES;
				CLANG_WARN_UNGUARDED_AVAILABILITY = YES_AGGRESSIVE;
				CLANG_WARN_UNREACHABLE_CODE = YES;
				CLANG_WARN__DUPLICATE_METHOD_MATCH = YES;
				CODE_SIGN_IDENTITY = "iPhone Developer";
				COPY_PHASE_STRIP = NO;
				DEBUG_INFORMATION_FORMAT = dwarf;
				ENABLE_STRICT_OBJC_MSGSEND = YES;
				ENABLE_TESTABILITY = YES;
				GCC_C_LANGUAGE_STANDARD = gnu11;
				GCC_DYNAMIC_NO_PIC = NO;
				GCC_NO_COMMON_BLOCKS = YES;
				GCC_OPTIMIZATION_LEVEL = 0;
				GCC_PREPROCESSOR_DEFINITIONS = (
					"DEBUG=1",
					"$(inherited)",
				);
				GCC_WARN_64_TO_32_BIT_CONVERSION = YES;
				GCC_WARN_ABOUT_RETURN_TYPE = YES_ERROR;
				GCC_WARN_UNDECLARED_SELECTOR = YES;
				GCC_WARN_UNINITIALIZED_AUTOS = YES_AGGRESSIVE;
				GCC_WARN_UNUSED_FUNCTION = YES;
				GCC_WARN_UNUSED_VARIABLE = YES;
				IPHONEOS_DEPLOYMENT_TARGET = 12.1;
				MTL_ENABLE_DEBUG_INFO = INCLUDE_SOURCE;
				MTL_FAST_MATH = YES;
				ONLY_ACTIVE_ARCH = YES;
				SDKROOT = iphoneos;
				SWIFT_ACTIVE_COMPILATION_CONDITIONS = DEBUG;
				SWIFT_OPTIMIZATION_LEVEL = "-Onone";
			};
			name = Debug;
		};
		CE869FF12265E38F00792F4F /* Release */ = {
			isa = XCBuildConfiguration;
			buildSettings = {
				ALWAYS_SEARCH_USER_PATHS = NO;
				CLANG_ANALYZER_NONNULL = YES;
				CLANG_ANALYZER_NUMBER_OBJECT_CONVERSION = YES_AGGRESSIVE;
				CLANG_CXX_LANGUAGE_STANDARD = "gnu++14";
				CLANG_CXX_LIBRARY = "libc++";
				CLANG_ENABLE_MODULES = YES;
				CLANG_ENABLE_OBJC_ARC = YES;
				CLANG_ENABLE_OBJC_WEAK = YES;
				CLANG_WARN_BLOCK_CAPTURE_AUTORELEASING = YES;
				CLANG_WARN_BOOL_CONVERSION = YES;
				CLANG_WARN_COMMA = YES;
				CLANG_WARN_CONSTANT_CONVERSION = YES;
				CLANG_WARN_DEPRECATED_OBJC_IMPLEMENTATIONS = YES;
				CLANG_WARN_DIRECT_OBJC_ISA_USAGE = YES_ERROR;
				CLANG_WARN_DOCUMENTATION_COMMENTS = YES;
				CLANG_WARN_EMPTY_BODY = YES;
				CLANG_WARN_ENUM_CONVERSION = YES;
				CLANG_WARN_INFINITE_RECURSION = YES;
				CLANG_WARN_INT_CONVERSION = YES;
				CLANG_WARN_NON_LITERAL_NULL_CONVERSION = YES;
				CLANG_WARN_OBJC_IMPLICIT_RETAIN_SELF = YES;
				CLANG_WARN_OBJC_LITERAL_CONVERSION = YES;
				CLANG_WARN_OBJC_ROOT_CLASS = YES_ERROR;
				CLANG_WARN_RANGE_LOOP_ANALYSIS = YES;
				CLANG_WARN_STRICT_PROTOTYPES = YES;
				CLANG_WARN_SUSPICIOUS_MOVE = YES;
				CLANG_WARN_UNGUARDED_AVAILABILITY = YES_AGGRESSIVE;
				CLANG_WARN_UNREACHABLE_CODE = YES;
				CLANG_WARN__DUPLICATE_METHOD_MATCH = YES;
				CODE_SIGN_IDENTITY = "iPhone Developer";
				COPY_PHASE_STRIP = NO;
				DEBUG_INFORMATION_FORMAT = "dwarf-with-dsym";
				ENABLE_NS_ASSERTIONS = NO;
				ENABLE_STRICT_OBJC_MSGSEND = YES;
				GCC_C_LANGUAGE_STANDARD = gnu11;
				GCC_NO_COMMON_BLOCKS = YES;
				GCC_WARN_64_TO_32_BIT_CONVERSION = YES;
				GCC_WARN_ABOUT_RETURN_TYPE = YES_ERROR;
				GCC_WARN_UNDECLARED_SELECTOR = YES;
				GCC_WARN_UNINITIALIZED_AUTOS = YES_AGGRESSIVE;
				GCC_WARN_UNUSED_FUNCTION = YES;
				GCC_WARN_UNUSED_VARIABLE = YES;
				IPHONEOS_DEPLOYMENT_TARGET = 12.1;
				MTL_ENABLE_DEBUG_INFO = NO;
				MTL_FAST_MATH = YES;
				SDKROOT = iphoneos;
				SWIFT_COMPILATION_MODE = wholemodule;
				SWIFT_OPTIMIZATION_LEVEL = "-O";
				VALIDATE_PRODUCT = YES;
			};
			name = Release;
		};
		CE869FF32265E38F00792F4F /* Debug */ = {
			isa = XCBuildConfiguration;
			baseConfigurationReference = 863C0305005252C5EBDA648D /* Pods-HOOQ_Task_Sowrirajan.debug.xcconfig */;
			buildSettings = {
				ASSETCATALOG_COMPILER_APPICON_NAME = AppIcon;
				CODE_SIGN_STYLE = Automatic;
				DEVELOPMENT_TEAM = G9VMAQSBA5;
				INFOPLIST_FILE = HOOQ_Task_Sowrirajan/Info.plist;
				IPHONEOS_DEPLOYMENT_TARGET = 11.0;
				LD_RUNPATH_SEARCH_PATHS = (
					"$(inherited)",
					"@executable_path/Frameworks",
				);
				PRODUCT_BUNDLE_IDENTIFIER = "com.ssowri1.HOOQ-Task-Sowrirajan";
				PRODUCT_NAME = "$(TARGET_NAME)";
				SWIFT_VERSION = 4.2;
				TARGETED_DEVICE_FAMILY = "1,2";
			};
			name = Debug;
		};
		CE869FF42265E38F00792F4F /* Release */ = {
			isa = XCBuildConfiguration;
			baseConfigurationReference = 41BE067FA4EDDAA1F9B75761 /* Pods-HOOQ_Task_Sowrirajan.release.xcconfig */;
			buildSettings = {
				ASSETCATALOG_COMPILER_APPICON_NAME = AppIcon;
				CODE_SIGN_STYLE = Automatic;
				DEVELOPMENT_TEAM = G9VMAQSBA5;
				INFOPLIST_FILE = HOOQ_Task_Sowrirajan/Info.plist;
				IPHONEOS_DEPLOYMENT_TARGET = 11.0;
				LD_RUNPATH_SEARCH_PATHS = (
					"$(inherited)",
					"@executable_path/Frameworks",
				);
				PRODUCT_BUNDLE_IDENTIFIER = "com.ssowri1.HOOQ-Task-Sowrirajan";
				PRODUCT_NAME = "$(TARGET_NAME)";
				SWIFT_VERSION = 4.2;
				TARGETED_DEVICE_FAMILY = "1,2";
			};
			name = Release;
		};
/* End XCBuildConfiguration section */

/* Begin XCConfigurationList section */
		CE869FD82265E38D00792F4F /* Build configuration list for PBXProject "HOOQ_Task_Sowrirajan" */ = {
			isa = XCConfigurationList;
			buildConfigurations = (
				CE869FF02265E38F00792F4F /* Debug */,
				CE869FF12265E38F00792F4F /* Release */,
			);
			defaultConfigurationIsVisible = 0;
			defaultConfigurationName = Release;
		};
		CE869FF22265E38F00792F4F /* Build configuration list for PBXNativeTarget "HOOQ_Task_Sowrirajan" */ = {
			isa = XCConfigurationList;
			buildConfigurations = (
				CE869FF32265E38F00792F4F /* Debug */,
				CE869FF42265E38F00792F4F /* Release */,
			);
			defaultConfigurationIsVisible = 0;
			defaultConfigurationName = Release;
		};
/* End XCConfigurationList section */

/* Begin XCVersionGroup section */
		CE869FE72265E38D00792F4F /* HOOQ_Task_Sowrirajan.xcdatamodeld */ = {
			isa = XCVersionGroup;
			children = (
				CE869FE82265E38D00792F4F /* HOOQ_Task_Sowrirajan.xcdatamodel */,
			);
			currentVersion = CE869FE82265E38D00792F4F /* HOOQ_Task_Sowrirajan.xcdatamodel */;
			path = HOOQ_Task_Sowrirajan.xcdatamodeld;
			sourceTree = "<group>";
			versionGroupType = wrapper.xcdatamodel;
		};
/* End XCVersionGroup section */
	};
	rootObject = CE869FD52265E38D00792F4F /* Project object */;
}
