PODS:
  - Alamofire (4.8.2)
  - ObjectMapper (3.3.0)
  - SDWebImage (4.4.6):
    - SDWebImage/Core (= 4.4.6)
  - SDWebImage/Core (4.4.6)

DEPENDENCIES:
  - Alamofire (~> 4.5)
  - ObjectMapper (= 3.3.0)
  - SDWebImage (~> 4.0)

SPEC REPOS:
  https://github.com/cocoapods/specs.git:
    - Alamofire
    - ObjectMapper
    - SDWebImage

SPEC CHECKSUMS:
  Alamofire: ae5c501addb7afdbb13687d7f2f722c78734c2d3
  ObjectMapper: b612bf8c8e99c4dc0bb6013a51f7c27966ed5da9
  SDWebImage: 3f3f0c02f09798048c47a5ed0a13f17b063572d8

PODFILE CHECKSUM: 3d4081768d9bd7f7d7f4ebabaf2cabc5b9c1f80b

COCOAPODS: 1.5.3
